{
  "name": "trello",
  "version": "1.0.0",
  "lockfileVersion": 1,
  "requires": true,
  "dependencies": {
    "vue-draggable": {
      "version": "1.0.1",
      "resolved": "https://registry.npmjs.org/vue-draggable/-/vue-draggable-1.0.1.tgz",
      "integrity": "sha512-jd0YLDh62Cb8e8UPH3K8VMBqtq9/f9Vu7KynpSOuPla9s1YvnJJ3X15zFpuRsv4rplyAHYS7XrANCqaeo6fHkw=="
    }
  }
}
